{
    "_meta": {
        "hash": {
            "sha256": "e26db32d5ca501d975842670fa94e2f40834c5ae81d78c91e14ee0b705e2af28"
        },
        "host-environment-markers": {
            "implementation_name": "cpython",
            "implementation_version": "3.5.2",
            "os_name": "nt",
            "platform_machine": "AMD64",
            "platform_python_implementation": "CPython",
            "platform_release": "10",
            "platform_system": "Windows",
            "platform_version": "10.0.16299",
            "python_full_version": "3.5.2",
            "python_version": "3.5",
            "sys_platform": "win32"
        },
        "pipfile-spec": 6,
        "requires": {},
        "sources": [
            {
                "name": "pypi",
                "url": "https://pypi.python.org/simple",
                "verify_ssl": true
            }
        ]
    },
    "default": {
        "chardet": {
            "hashes": [
                "sha256:fc323ffcaeaed0e0a02bf4d117757b98aed530d9ed4531e3e15460124c106691",
                "sha256:84ab92ed1c4d4f16916e05906b6b75a6c0fb5db821cc65e70cbd64a3e2a5eaae"
            ],
            "version": "==3.0.4"
        },
        "pdfminer.six": {
            "hashes": [
                "sha256:a37c6348a8d903cf5f7d50346b0569a7c669afdb625b1ee25056f01fb82bd3e0"
            ],
            "version": "==20170720"
        },
        "pycryptodome": {
            "hashes": [
                "sha256:444053c24b336daa7f84bf872df7a6b9950697559926aea5775f5aa757b67a3e",
                "sha256:29d3a581cfcc68ca66f7c5d4830944556ddca9e2747e214bde8028972bb1901f",
                "sha256:7bda0f395fd8ef6b1fa7cded00d5cca72005ff158fc30703e1337fe32fbf2102",
                "sha256:bdd8581dae617b9fbe6e8dbdd96590c02fc33eebc411b0273fd62b4d468d0bb7",
                "sha256:89a0a233ed3a216ae117323d8fb0da38f1ca344dc1021559e38416cce23592a0",
                "sha256:5d390f8c6562173b913f0359cd87d5bc2e3245cc88ec4edf59d8c52107f24d29",
                "sha256:44ad06faf5ee589c1127a18610695a65815ed5db724b58687294ee907ec546ba",
                "sha256:c8922f187fcac3b2afa6d200ef00cd4e69719799b54b4f2f2741b2e4c96ccd61",
                "sha256:2aeded7095564b8a068402531c7407517cd714a0fe9872f76c69bd4400b07613",
                "sha256:c88e9a04d3ed89689bc76ce0a90b018cdd4edb94ab99ce31264f2e15bad9d752",
                "sha256:64a0cccf590546e7de602378f21482cb06cd1a1995cdfb121b123394c48b05c3",
                "sha256:21fd74571b3579cbf36792916ad76a4ecf91581a112bb78ec48e20389dcdb912",
                "sha256:11ca73effcc15596b62d601a6b3c48ea607fb5219546d406312520d63c446bf5",
                "sha256:ce3110812d8823c3182fc7f841031387ee6fda27d8696da8949a99b026048e7e",
                "sha256:29e8d3770bc0a0366093eb693ca40c5be56ed5a7ca214af5156a0b2e23053549",
                "sha256:d9ae42a88c716a7ca9a53966562968921883211b6390eeab22e5b735dbc49f49",
                "sha256:d3136fe71a37882ca457bea5917f1db5431f18f1bd91b0f7c4cec57ac4d57016",
                "sha256:0ebbcdbd21b5d8569c5b44137e2071d28c14a7460afdd8b1f6398a1548c4773a",
                "sha256:5ce44a755be8aef369d1057a38bff01501db0b89ba38c3292578f42ed401f355",
                "sha256:1d3065b741ec8d269327e4487eacd187e0bf909e7a73d0a959da1a0918b16fa9",
                "sha256:cb81302f3295a14722f6c26c44ab4023d66f8394db4c316ccf5658dbada2ac91",
                "sha256:4fd2584719895ff041cf48766014ef6b5a170f5caf0e2dc735837b182e78d081",
                "sha256:c5dd29e9f1b733e74311bf95d0e544e91bd1d14bc0366e8f443562d8d9920b7d"
            ],
            "version": "==3.4.11"
        },
        "six": {
            "hashes": [
                "sha256:832dc0e10feb1aa2c68dcc57dbb658f1c7e65b9b61af69048abc87a2db00a0eb",
                "sha256:70e8a77beed4562e7f14fe23a786b54f6296e34344c23bc42f07b15018ff98e9"
            ],
            "version": "==1.11.0"
        }
    },
    "develop": {}
}
